
Microsoft Visual Studio Solution File, Format Version 12.00
# Visual Studio Version 17
VisualStudioVersion = 17.2.32505.173
MinimumVisualStudioVersion = 10.0.40219.1
Project("{FAE04EC0-301F-11D3-BF4B-00C04F79EFBC}") = "BlazorApp1", "BlazorApp1\BlazorApp1.csproj", "{9293B86E-73C7-4A79-80CD-A461AFF7813A}"
EndProject
Global
	GlobalSection(SolutionConfigurationPlatforms) = preSolution
		Debug|Any CPU = Debug|Any CPU
		Release|Any CPU = Release|Any CPU
	EndGlobalSection
	GlobalSection(ProjectConfigurationPlatforms) = postSolution
		{9293B86E-73C7-4A79-80CD-A461AFF7813A}.Debug|Any CPU.ActiveCfg = Debug|Any CPU
		{9293B86E-73C7-4A79-80CD-A461AFF7813A}.Debug|Any CPU.Build.0 = Debug|Any CPU
		{9293B86E-73C7-4A79-80CD-A461AFF7813A}.Release|Any CPU.ActiveCfg = Release|Any CPU
		{9293B86E-73C7-4A79-80CD-A461AFF7813A}.Release|Any CPU.Build.0 = Release|Any CPU
	EndGlobalSection
	GlobalSection(SolutionProperties) = preSolution
		HideSolutionNode = FALSE
	EndGlobalSection
	GlobalSection(ExtensibilityGlobals) = postSolution
		SolutionGuid = {88FE19B9-152F-4C9C-8ECA-95811A08BDD2}
	EndGlobalSection
EndGlobal
